// !$*UTF8*$!
{
	archiveVersion = 1;
	classes = {
	};
	objectVersion = 50;
	objects = {

/* Begin PBXBuildFile section */
		2AFAC71126C35D4400D2A40F /* main.cpp in Sources */ = {isa = PBXBuildFile; fileRef = 2AFAC71026C35D4400D2A40F /* main.cpp */; };
		2AFAC71A26C35DBE00D2A40F /* Vector.cpp in Sources */ = {isa = PBXBuildFile; fileRef = 2AFAC71826C35DBE00D2A40F /* Vector.cpp */; };
		2AFAC71D26C35DCD00D2A40F /* Line.cpp in Sources */ = {isa = PBXBuildFile; fileRef = 2AFAC71B26C35DCD00D2A40F /* Line.cpp */; };
		2AFAC72026C35DDA00D2A40F /* Plane.cpp in Sources */ = {isa = PBXBuildFile; fileRef = 2AFAC71E26C35DDA00D2A40F /* Plane.cpp */; };
/* End PBXBuildFile section */

/* Begin PBXCopyFilesBuildPhase section */
		2AFAC70B26C35D4300D2A40F /* CopyFiles */ = {
			isa = PBXCopyFilesBuildPhase;
			buildActionMask = 2147483647;
			dstPath = /usr/share/man/man1/;
			dstSubfolderSpec = 0;
			files = (
			);
			runOnlyForDeploymentPostprocessing = 1;
		};
/* End PBXCopyFilesBuildPhase section */

/* Begin PBXFileReference section */
		2AFAC70D26C35D4300D2A40F /* Vector_Class */ = {isa = PBXFileReference; explicitFileType = "compiled.mach-o.executable"; includeInIndex = 0; path = Vector_Class; sourceTree = BUILT_PRODUCTS_DIR; };
		2AFAC71026C35D4400D2A40F /* main.cpp */ = {isa = PBXFileReference; lastKnownFileType = sourcecode.cpp.cpp; path = main.cpp; sourceTree = "<group>"; };
		2AFAC71826C35DBE00D2A40F /* Vector.cpp */ = {isa = PBXFileReference; lastKnownFileType = sourcecode.cpp.cpp; path = Vector.cpp; sourceTree = "<group>"; };
		2AFAC71926C35DBE00D2A40F /* Vector.hpp */ = {isa = PBXFileReference; lastKnownFileType = sourcecode.cpp.h; path = Vector.hpp; sourceTree = "<group>"; };
		2AFAC71B26C35DCD00D2A40F /* Line.cpp */ = {isa = PBXFileReference; lastKnownFileType = sourcecode.cpp.cpp; path = Line.cpp; sourceTree = "<group>"; };
		2AFAC71C26C35DCD00D2A40F /* Line.hpp */ = {isa = PBXFileReference; lastKnownFileType = sourcecode.cpp.h; path = Line.hpp; sourceTree = "<group>"; };
		2AFAC71E26C35DDA00D2A40F /* Plane.cpp */ = {isa = PBXFileReference; lastKnownFileType = sourcecode.cpp.cpp; path = Plane.cpp; sourceTree = "<group>"; };
		2AFAC71F26C35DDA00D2A40F /* Plane.hpp */ = {isa = PBXFileReference; lastKnownFileType = sourcecode.cpp.h; path = Plane.hpp; sourceTree = "<group>"; };
/* End PBXFileReference section */

/* Begin PBXFrameworksBuildPhase section */
		2AFAC70A26C35D4300D2A40F /* Frameworks */ = {
			isa = PBXFrameworksBuildPhase;
			buildActionMask = 2147483647;
			files = (
			);
			runOnlyForDeploymentPostprocessing = 0;
		};
/* End PBXFrameworksBuildPhase section */

/* Begin PBXGroup section */
		2AFAC70426C35D4300D2A40F = {
			isa = PBXGroup;
			children = (
				2AFAC70F26C35D4300D2A40F /* Vector_Class */,
				2AFAC70E26C35D4300D2A40F /* Products */,
			);
			sourceTree = "<group>";
		};
		2AFAC70E26C35D4300D2A40F /* Products */ = {
			isa = PBXGroup;
			children = (
				2AFAC70D26C35D4300D2A40F /* Vector_Class */,
			);
			name = Products;
			sourceTree = "<group>";
		};
		2AFAC70F26C35D4300D2A40F /* Vector_Class */ = {
			isa = PBXGroup;
			children = (
				2AFAC71026C35D4400D2A40F /* main.cpp */,
				2AFAC71826C35DBE00D2A40F /* Vector.cpp */,
				2AFAC71926C35DBE00D2A40F /* Vector.hpp */,
				2AFAC71B26C35DCD00D2A40F /* Line.cpp */,
				2AFAC71C26C35DCD00D2A40F /* Line.hpp */,
				2AFAC71E26C35DDA00D2A40F /* Plane.cpp */,
				2AFAC71F26C35DDA00D2A40F /* Plane.hpp */,
			);
			path = Vector_Class;
			sourceTree = "<group>";
		};
/* End PBXGroup section */

/* Begin PBXNativeTarget section */
		2AFAC70C26C35D4300D2A40F /* Vector_Class */ = {
			isa = PBXNativeTarget;
			buildConfigurationList = 2AFAC71426C35D4400D2A40F /* Build configuration list for PBXNativeTarget "Vector_Class" */;
			buildPhases = (
				2AFAC70926C35D4300D2A40F /* Sources */,
				2AFAC70A26C35D4300D2A40F /* Frameworks */,
				2AFAC70B26C35D4300D2A40F /* CopyFiles */,
			);
			buildRules = (
			);
			dependencies = (
			);
			name = Vector_Class;
			productName = Vector_Class;
			productReference = 2AFAC70D26C35D4300D2A40F /* Vector_Class */;
			productType = "com.apple.product-type.tool";
		};
/* End PBXNativeTarget section */

/* Begin PBXProject section */
		2AFAC70526C35D4300D2A40F /* Project object */ = {
			isa = PBXProject;
			attributes = {
				LastUpgradeCheck = 1250;
				TargetAttributes = {
					2AFAC70C26C35D4300D2A40F = {
						CreatedOnToolsVersion = 12.5.1;
					};
				};
			};
			buildConfigurationList = 2AFAC70826C35D4300D2A40F /* Build configuration list for PBXProject "Vector_Class" */;
			compatibilityVersion = "Xcode 9.3";
			developmentRegion = en;
			hasScannedForEncodings = 0;
			knownRegions = (
				en,
				Base,
			);
			mainGroup = 2AFAC70426C35D4300D2A40F;
			productRefGroup = 2AFAC70E26C35D4300D2A40F /* Products */;
			projectDirPath = "";
			projectRoot = "";
			targets = (
				2AFAC70C26C35D4300D2A40F /* Vector_Class */,
			);
		};
/* End PBXProject section */

/* Begin PBXSourcesBuildPhase section */
		2AFAC70926C35D4300D2A40F /* Sources */ = {
			isa = PBXSourcesBuildPhase;
			buildActionMask = 2147483647;
			files = (
				2AFAC71D26C35DCD00D2A40F /* Line.cpp in Sources */,
				2AFAC71A26C35DBE00D2A40F /* Vector.cpp in Sources */,
				2AFAC72026C35DDA00D2A40F /* Plane.cpp in Sources */,
				2AFAC71126C35D4400D2A40F /* main.cpp in Sources */,
			);
			runOnlyForDeploymentPostprocessing = 0;
		};
/* End PBXSourcesBuildPhase section */

/* Begin XCBuildConfiguration section */
		2AFAC71226C35D4400D2A40F /* Debug */ = {
			isa = XCBuildConfiguration;
			buildSettings = {
				ALWAYS_SEARCH_USER_PATHS = NO;
				CLANG_ANALYZER_NONNULL = YES;
				CLANG_ANALYZER_NUMBER_OBJECT_CONVERSION = YES_AGGRESSIVE;
				CLANG_CXX_LANGUAGE_STANDARD = "gnu++14";
				CLANG_CXX_LIBRARY = "libc++";
				CLANG_ENABLE_MODULES = YES;
				CLANG_ENABLE_OBJC_ARC = YES;
				CLANG_ENABLE_OBJC_WEAK = YES;
				CLANG_WARN_BLOCK_CAPTURE_AUTORELEASING = YES;
				CLANG_WARN_BOOL_CONVERSION = YES;
				CLANG_WARN_COMMA = YES;
				CLANG_WARN_CONSTANT_CONVERSION = YES;
				CLANG_WARN_DEPRECATED_OBJC_IMPLEMENTATIONS = YES;
				CLANG_WARN_DIRECT_OBJC_ISA_USAGE = YES_ERROR;
				CLANG_WARN_DOCUMENTATION_COMMENTS = YES;
				CLANG_WARN_EMPTY_BODY = YES;
				CLANG_WARN_ENUM_CONVERSION = YES;
				CLANG_WARN_INFINITE_RECURSION = YES;
				CLANG_WARN_INT_CONVERSION = YES;
				CLANG_WARN_NON_LITERAL_NULL_CONVERSION = YES;
				CLANG_WARN_OBJC_IMPLICIT_RETAIN_SELF = YES;
				CLANG_WARN_OBJC_LITERAL_CONVERSION = YES;
				CLANG_WARN_OBJC_ROOT_CLASS = YES_ERROR;
				CLANG_WARN_QUOTED_INCLUDE_IN_FRAMEWORK_HEADER = YES;
				CLANG_WARN_RANGE_LOOP_ANALYSIS = YES;
				CLANG_WARN_STRICT_PROTOTYPES = YES;
				CLANG_WARN_SUSPICIOUS_MOVE = YES;
				CLANG_WARN_UNGUARDED_AVAILABILITY = YES_AGGRESSIVE;
				CLANG_WARN_UNREACHABLE_CODE = YES;
				CLANG_WARN__DUPLICATE_METHOD_MATCH = YES;
				COPY_PHASE_STRIP = NO;
				DEBUG_INFORMATION_FORMAT = dwarf;
				ENABLE_STRICT_OBJC_MSGSEND = YES;
				ENABLE_TESTABILITY = YES;
				GCC_C_LANGUAGE_STANDARD = gnu11;
				GCC_DYNAMIC_NO_PIC = NO;
				GCC_NO_COMMON_BLOCKS = YES;
				GCC_OPTIMIZATION_LEVEL = 0;
				GCC_PREPROCESSOR_DEFINITIONS = (
					"DEBUG=1",
					"$(inherited)",
				);
				GCC_WARN_64_TO_32_BIT_CONVERSION = YES;
				GCC_WARN_ABOUT_RETURN_TYPE = YES_ERROR;
				GCC_WARN_UNDECLARED_SELECTOR = YES;
				GCC_WARN_UNINITIALIZED_AUTOS = YES_AGGRESSIVE;
				GCC_WARN_UNUSED_FUNCTION = YES;
				GCC_WARN_UNUSED_VARIABLE = YES;
				MACOSX_DEPLOYMENT_TARGET = 11.3;
				MTL_ENABLE_DEBUG_INFO = INCLUDE_SOURCE;
				MTL_FAST_MATH = YES;
				ONLY_ACTIVE_ARCH = YES;
				SDKROOT = macosx;
			};
			name = Debug;
		};
		2AFAC71326C35D4400D2A40F /* Release */ = {
			isa = XCBuildConfiguration;
			buildSettings = {
				ALWAYS_SEARCH_USER_PATHS = NO;
				CLANG_ANALYZER_NONNULL = YES;
				CLANG_ANALYZER_NUMBER_OBJECT_CONVERSION = YES_AGGRESSIVE;
				CLANG_CXX_LANGUAGE_STANDARD = "gnu++14";
				CLANG_CXX_LIBRARY = "libc++";
				CLANG_ENABLE_MODULES = YES;
				CLANG_ENABLE_OBJC_ARC = YES;
				CLANG_ENABLE_OBJC_WEAK = YES;
				CLANG_WARN_BLOCK_CAPTURE_AUTORELEASING = YES;
				CLANG_WARN_BOOL_CONVERSION = YES;
				CLANG_WARN_COMMA = YES;
				CLANG_WARN_CONSTANT_CONVERSION = YES;
				CLANG_WARN_DEPRECATED_OBJC_IMPLEMENTATIONS = YES;
				CLANG_WARN_DIRECT_OBJC_ISA_USAGE = YES_ERROR;
				CLANG_WARN_DOCUMENTATION_COMMENTS = YES;
				CLANG_WARN_EMPTY_BODY = YES;
				CLANG_WARN_ENUM_CONVERSION = YES;
				CLANG_WARN_INFINITE_RECURSION = YES;
				CLANG_WARN_INT_CONVERSION = YES;
				CLANG_WARN_NON_LITERAL_NULL_CONVERSION = YES;
				CLANG_WARN_OBJC_IMPLICIT_RETAIN_SELF = YES;
				CLANG_WARN_OBJC_LITERAL_CONVERSION = YES;
				CLANG_WARN_OBJC_ROOT_CLASS = YES_ERROR;
				CLANG_WARN_QUOTED_INCLUDE_IN_FRAMEWORK_HEADER = YES;
				CLANG_WARN_RANGE_LOOP_ANALYSIS = YES;
				CLANG_WARN_STRICT_PROTOTYPES = YES;
				CLANG_WARN_SUSPICIOUS_MOVE = YES;
				CLANG_WARN_UNGUARDED_AVAILABILITY = YES_AGGRESSIVE;
				CLANG_WARN_UNREACHABLE_CODE = YES;
				CLANG_WARN__DUPLICATE_METHOD_MATCH = YES;
				COPY_PHASE_STRIP = NO;
				DEBUG_INFORMATION_FORMAT = "dwarf-with-dsym";
				ENABLE_NS_ASSERTIONS = NO;
				ENABLE_STRICT_OBJC_MSGSEND = YES;
				GCC_C_LANGUAGE_STANDARD = gnu11;
				GCC_NO_COMMON_BLOCKS = YES;
				GCC_WARN_64_TO_32_BIT_CONVERSION = YES;
				GCC_WARN_ABOUT_RETURN_TYPE = YES_ERROR;
				GCC_WARN_UNDECLARED_SELECTOR = YES;
				GCC_WARN_UNINITIALIZED_AUTOS = YES_AGGRESSIVE;
				GCC_WARN_UNUSED_FUNCTION = YES;
				GCC_WARN_UNUSED_VARIABLE = YES;
				MACOSX_DEPLOYMENT_TARGET = 11.3;
				MTL_ENABLE_DEBUG_INFO = NO;
				MTL_FAST_MATH = YES;
				SDKROOT = macosx;
			};
			name = Release;
		};
		2AFAC71526C35D4400D2A40F /* Debug */ = {
			isa = XCBuildConfiguration;
			buildSettings = {
				CODE_SIGN_STYLE = Automatic;
				PRODUCT_NAME = "$(TARGET_NAME)";
			};
			name = Debug;
		};
		2AFAC71626C35D4400D2A40F /* Release */ = {
			isa = XCBuildConfiguration;
			buildSettings = {
				CODE_SIGN_STYLE = Automatic;
				PRODUCT_NAME = "$(TARGET_NAME)";
			};
			name = Release;
		};
/* End XCBuildConfiguration section */

/* Begin XCConfigurationList section */
		2AFAC70826C35D4300D2A40F /* Build configuration list for PBXProject "Vector_Class" */ = {
			isa = XCConfigurationList;
			buildConfigurations = (
				2AFAC71226C35D4400D2A40F /* Debug */,
				2AFAC71326C35D4400D2A40F /* Release */,
			);
			defaultConfigurationIsVisible = 0;
			defaultConfigurationName = Release;
		};
		2AFAC71426C35D4400D2A40F /* Build configuration list for PBXNativeTarget "Vector_Class" */ = {
			isa = XCConfigurationList;
			buildConfigurations = (
				2AFAC71526C35D4400D2A40F /* Debug */,
				2AFAC71626C35D4400D2A40F /* Release */,
			);
			defaultConfigurationIsVisible = 0;
			defaultConfigurationName = Release;
		};
/* End XCConfigurationList section */
	};
	rootObject = 2AFAC70526C35D4300D2A40F /* Project object */;
}
